{
    "_meta": {
        "hash": {
            "sha256": "80dc068f2235569d32a4eacd7f4ac6e7ec6fcd234bf72163f01799a136e1a3ec"
        },
        "pipfile-spec": 6,
        "requires": {
            "python_full_version": "3.9.5"
        },
        "sources": [
            {
                "name": "pypi",
                "url": "https://pypi.python.org/simple",
                "verify_ssl": true
            }
        ]
    },
    "default": {
        "amqp": {
            "hashes": [
                "sha256:70cdb10628468ff14e57ec2f751c7aa9e48e7e3651cfd62d431213c0c4e58f21",
                "sha256:aa7f313fb887c91f15474c1229907a04dac0b8135822d6603437803424c0aa59"
            ],
            "markers": "python_version >= '2.7' and python_version not in '3.0, 3.1, 3.2, 3.3, 3.4'",
            "version": "==2.6.1"
        },
        "billiard": {
            "hashes": [
                "sha256:299de5a8da28a783d51b197d496bef4f1595dd023a93a4f59dde1886ae905547",
                "sha256:87103ea78fa6ab4d5c751c4909bcff74617d985de7fa8b672cf8618afd5a875b"
            ],
            "version": "==3.6.4.0"
        },
        "celery": {
            "hashes": [
                "sha256:a92e1d56e650781fb747032a3997d16236d037c8199eacd5217d1a72893bca45",
                "sha256:d220b13a8ed57c78149acf82c006785356071844afe0b27012a4991d44026f9f"
            ],
            "markers": "python_version >= '3.7'",
            "version": "==4.4.7"
        },
        "flower": {
            "hashes": [
                "sha256:8d6d6ac03e60b3a4227d156da489eb435e2442d82e89922d413df9054b9221eb",
                "sha256:cf27a254268bb06fd4972408d0518237fcd847f7da4b4cd8055e228150ace8f3"
            ],
            "index": "pypi",
            "version": "==0.9.7"
        },
        "humanize": {
            "hashes": [
                "sha256:7ca0e43e870981fa684acb5b062deb307218193bca1a01f2b2676479df849b3a",
                "sha256:df7c429c2d27372b249d3f26eb53b07b166b661326e0325793e0a988082e3889"
            ],
            "markers": "python_version >= '3.8'",
            "version": "==4.7.0"
        },
        "kombu": {
            "hashes": [
                "sha256:be48cdffb54a2194d93ad6533d73f69408486483d189fe9f5990ee24255b0e0a",
                "sha256:ca1b45faac8c0b18493d02a8571792f3c40291cf2bcf1f55afed3d8f3aa7ba74"
            ],
            "markers": "python_version >= '2.7' and python_version not in '3.0, 3.1, 3.2, 3.3, 3.4'",
            "version": "==4.6.11"
        },
        "prometheus-client": {
            "hashes": [
                "sha256:983c7ac4b47478720db338f1491ef67a100b474e3bc7dafcbaefb7d0b8f9b01c",
                "sha256:c6e6b706833a6bd1fd51711299edee907857be10ece535126a158f911ee80915"
            ],
            "version": "==0.8.0"
        },
        "pytz": {
            "hashes": [
                "sha256:1d8ce29db189191fb55338ee6d0387d82ab59f3d00eac103412d64e0ebd0c588",
                "sha256:a151b3abb88eda1d4e34a9814df37de2a80e301e68ba0fd856fb9b46bfbbbffb"
            ],
            "version": "==2023.3"
        },
        "tornado": {
            "hashes": [
                "sha256:1bd19ca6c16882e4d37368e0152f99c099bad93e0950ce55e71daed74045908f",
                "sha256:22d3c2fa10b5793da13c807e6fc38ff49a4f6e1e3868b0a6f4164768bb8e20f5",
                "sha256:502fba735c84450974fec147340016ad928d29f1e91f49be168c0a4c18181e1d",
                "sha256:65ceca9500383fbdf33a98c0087cb975b2ef3bfb874cb35b8de8740cf7f41bd3",
                "sha256:71a8db65160a3c55d61839b7302a9a400074c9c753040455494e2af74e2501f2",
                "sha256:7ac51f42808cca9b3613f51ffe2a965c8525cb1b00b7b2d56828b8045354f76a",
                "sha256:7d01abc57ea0dbb51ddfed477dfe22719d376119844e33c661d873bf9c0e4a16",
                "sha256:805d507b1f588320c26f7f097108eb4023bbaa984d63176d1652e184ba24270a",
                "sha256:9dc4444c0defcd3929d5c1eb5706cbe1b116e762ff3e0deca8b715d14bf6ec17",
                "sha256:ceb917a50cd35882b57600709dd5421a418c29ddc852da8bcdab1f0db33406b0",
                "sha256:e7d8db41c0181c80d76c982aacc442c0783a2c54d6400fe028954201a2e032fe"
            ],
            "index": "pypi",
            "version": "==6.3.3"
        },
        "vine": {
            "hashes": [
                "sha256:133ee6d7a9016f177ddeaf191c1f58421a1dcc6ee9a42c58b34bed40e1d2cd87",
                "sha256:ea4947cc56d1fd6f2095c8d543ee25dad966f78692528e68b4fada11ba3f98af"
            ],
            "markers": "python_version >= '2.7' and python_version not in '3.0, 3.1, 3.2, 3.3'",
            "version": "==1.3.0"
        }
    },
    "develop": {}
}
